
Microsoft Visual Studio Solution File, Format Version 12.00
# Visual Studio 14
VisualStudioVersion = 14.0.23107.0
MinimumVisualStudioVersion = 10.0.40219.1
Project("{FAE04EC0-301F-11D3-BF4B-00C04F79EFBC}") = "gMVVM.Web", "gMVVM.Web\gMVVM.Web.csproj", "{C45EB4CF-1437-433C-A4AE-D31DCEE88338}"
EndProject
Project("{FAE04EC0-301F-11D3-BF4B-00C04F79EFBC}") = "gMVVM", "gMVVM.Silverlight\gMVVM.csproj", "{A6B2F18B-703B-405A-BBC8-79D4A3465444}"
	ProjectSection(ProjectDependencies) = postProject
		{C45EB4CF-1437-433C-A4AE-D31DCEE88338} = {C45EB4CF-1437-433C-A4AE-D31DCEE88338}
	EndProjectSection
EndProject
Global
	GlobalSection(SolutionConfigurationPlatforms) = preSolution
		Debug|Any CPU = Debug|Any CPU
		Release|Any CPU = Release|Any CPU
	EndGlobalSection
	GlobalSection(ProjectConfigurationPlatforms) = postSolution
		{C45EB4CF-1437-433C-A4AE-D31DCEE88338}.Debug|Any CPU.ActiveCfg = Debug|Any CPU
		{C45EB4CF-1437-433C-A4AE-D31DCEE88338}.Debug|Any CPU.Build.0 = Debug|Any CPU
		{C45EB4CF-1437-433C-A4AE-D31DCEE88338}.Release|Any CPU.ActiveCfg = Release|Any CPU
		{C45EB4CF-1437-433C-A4AE-D31DCEE88338}.Release|Any CPU.Build.0 = Release|Any CPU
		{A6B2F18B-703B-405A-BBC8-79D4A3465444}.Debug|Any CPU.ActiveCfg = Debug|Any CPU
		{A6B2F18B-703B-405A-BBC8-79D4A3465444}.Debug|Any CPU.Build.0 = Debug|Any CPU
		{A6B2F18B-703B-405A-BBC8-79D4A3465444}.Release|Any CPU.ActiveCfg = Release|Any CPU
		{A6B2F18B-703B-405A-BBC8-79D4A3465444}.Release|Any CPU.Build.0 = Release|Any CPU
	EndGlobalSection
	GlobalSection(SolutionProperties) = preSolution
		HideSolutionNode = FALSE
	EndGlobalSection
EndGlobal
